<?xml version="1.0" encoding="utf-8"?>
<Project ToolsVersion="4.0" xmlns="http://schemas.microsoft.com/developer/msbuild/2003">
  <ItemGroup>
    <None Include="packages.config" />
  </ItemGroup>
  <ItemGroup>
    <ClCompile Include="Graphics\BindBuffer.cpp">
      <Filter>Graphics</Filter>
    </ClCompile>
    <ClCompile Include="Graphics\Buffer.cpp">
      <Filter>Graphics</Filter>
    </ClCompile>
    <ClCompile Include="Graphics\GlfwManager.cpp">
      <Filter>Graphics</Filter>
    </ClCompile>
    <ClCompile Include="Graphics\Window.cpp">
      <Filter>Graphics</Filter>
    </ClCompile>
    <ClCompile Include="IO\InputManager.cpp">
      <Filter>IO</Filter>
    </ClCompile>
    <ClCompile Include="World.cpp" />
    <ClCompile Include="OrbitCameraComponentManager.cpp" />
    <ClCompile Include="CameraComponentManager.cpp" />
    <ClCompile Include="EntityManager.cpp" />
    <ClCompile Include="FirstPersonCameraComponentManager.cpp" />
    <ClCompile Include="Physics\TerrainColliderComponentManager.cpp">
      <Filter>Physics</Filter>
    </ClCompile>
    <ClCompile Include="Graphics\MeshRendererComponentManager.cpp">
      <Filter>Graphics</Filter>
    </ClCompile>
    <ClCompile Include="Graphics\Renderer.cpp">
      <Filter>Graphics</Filter>
    </ClCompile>
    <ClCompile Include="TerrainRendererComponentManager.cpp" />
    <ClCompile Include="Graphics\GraphicsAssetManager.cpp">
      <Filter>Graphics</Filter>
    </ClCompile>
    <ClCompile Include="Resources\ResourceManager.cpp">
      <Filter>Resources</Filter>
    </ClCompile>
    <ClCompile Include="EngineContext.cpp" />
    <ClCompile Include="OrthographicCameraComponentManager.cpp" />
    <ClCompile Include="Graphics\DebugUIRenderer.cpp">
      <Filter>Graphics</Filter>
    </ClCompile>
    <ClCompile Include="..\..\deps\glad\glad.c">
      <Filter>deps</Filter>
    </ClCompile>
    <ClCompile Include="..\..\deps\stb\stb_image.c">
      <Filter>deps</Filter>
    </ClCompile>
    <ClCompile Include="win32_platform.cpp" />
    <ClCompile Include="terrain_renderer.cpp" />
  </ItemGroup>
  <ItemGroup>
    <ClInclude Include="Graphics\BindBuffer.hpp">
      <Filter>Graphics</Filter>
    </ClInclude>
    <ClInclude Include="Graphics\Buffer.hpp">
      <Filter>Graphics</Filter>
    </ClInclude>
    <ClInclude Include="Graphics\GlfwManager.hpp">
      <Filter>Graphics</Filter>
    </ClInclude>
    <ClInclude Include="Graphics\Window.hpp">
      <Filter>Graphics</Filter>
    </ClInclude>
    <ClInclude Include="IO\InputManager.hpp">
      <Filter>IO</Filter>
    </ClInclude>
    <ClInclude Include="IO\Path.hpp">
      <Filter>IO</Filter>
    </ClInclude>
    <ClInclude Include="Common.hpp" />
    <ClInclude Include="EngineContext.hpp" />
    <ClInclude Include="EngineViewContext.hpp" />
    <ClInclude Include="World.hpp" />
    <ClInclude Include="OrbitCameraComponentManager.hpp" />
    <ClInclude Include="CameraComponentManager.hpp" />
    <ClInclude Include="EntityManager.hpp" />
    <ClInclude Include="IO\MouseInputState.hpp">
      <Filter>IO</Filter>
    </ClInclude>
    <ClInclude Include="FirstPersonCameraComponentManager.hpp" />
    <ClInclude Include="Physics\TerrainColliderComponentManager.hpp">
      <Filter>Physics</Filter>
    </ClInclude>
    <ClInclude Include="Graphics\MeshRendererComponentManager.hpp">
      <Filter>Graphics</Filter>
    </ClInclude>
    <ClInclude Include="Graphics\Renderer.hpp">
      <Filter>Graphics</Filter>
    </ClInclude>
    <ClInclude Include="TerrainRendererComponentManager.hpp" />
    <ClInclude Include="Resources\TextureResource.hpp">
      <Filter>Resources</Filter>
    </ClInclude>
    <ClInclude Include="Resources\ShaderResource.hpp">
      <Filter>Resources</Filter>
    </ClInclude>
    <ClInclude Include="TerrainResources.hpp" />
    <ClInclude Include="Graphics\UniformValue.hpp">
      <Filter>Graphics</Filter>
    </ClInclude>
    <ClInclude Include="Resources\ShaderProgramResource.hpp">
      <Filter>Resources</Filter>
    </ClInclude>
    <ClInclude Include="Graphics\GraphicsAssetManager.hpp">
      <Filter>Graphics</Filter>
    </ClInclude>
    <ClInclude Include="Resources\MaterialResource.hpp">
      <Filter>Resources</Filter>
    </ClInclude>
    <ClInclude Include="Resources\ResourceManager.hpp">
      <Filter>Resources</Filter>
    </ClInclude>
    <ClInclude Include="Resources\TextureLoader.hpp">
      <Filter>Resources</Filter>
    </ClInclude>
    <ClInclude Include="OrthographicCameraComponentManager.hpp" />
    <ClInclude Include="Physics\Ray.hpp">
      <Filter>Physics</Filter>
    </ClInclude>
    <ClInclude Include="Graphics\DebugUIRenderer.hpp">
      <Filter>Graphics</Filter>
    </ClInclude>
    <ClInclude Include="Graphics\VertexBufferDescription.hpp">
      <Filter>Graphics</Filter>
    </ClInclude>
    <ClInclude Include="IO\Key.hpp">
      <Filter>IO</Filter>
    </ClInclude>
    <ClInclude Include="IO\MouseButton.hpp">
      <Filter>IO</Filter>
    </ClInclude>
    <ClInclude Include="IO\MouseCaptureMode.hpp">
      <Filter>IO</Filter>
    </ClInclude>
    <ClInclude Include="AppContext.hpp" />
    <ClInclude Include="win32_platform.h" />
    <ClInclude Include="terrain_renderer.h" />
    <ClInclude Include="terrain_foundation.h" />
  </ItemGroup>
  <ItemGroup>
    <Filter Include="Graphics">
      <UniqueIdentifier>{637ff0a9-48b4-44c4-b433-7fef9e410d96}</UniqueIdentifier>
    </Filter>
    <Filter Include="deps">
      <UniqueIdentifier>{7d48037c-8297-4040-9716-5da85b298951}</UniqueIdentifier>
    </Filter>
    <Filter Include="IO">
      <UniqueIdentifier>{f0a2bf12-335e-45b1-b986-ceed0af6ddcb}</UniqueIdentifier>
    </Filter>
    <Filter Include="Physics">
      <UniqueIdentifier>{18f462fe-d8f8-4fbf-8c38-f777233e61eb}</UniqueIdentifier>
    </Filter>
    <Filter Include="Resources">
      <UniqueIdentifier>{76f65739-beb1-409c-95d9-71898ce0e7ed}</UniqueIdentifier>
    </Filter>
  </ItemGroup>
</Project>