<?xml version="1.0" encoding="utf-8"?>
<Project ToolsVersion="4.0" xmlns="http://schemas.microsoft.com/developer/msbuild/2003">
  <ItemGroup>
    <None Include="packages.config" />
  </ItemGroup>
  <ItemGroup>
    <ClCompile Include="Graphics\GlfwManager.cpp">
      <Filter>Graphics</Filter>
    </ClCompile>
    <ClCompile Include="Graphics\Window.cpp">
      <Filter>Graphics</Filter>
    </ClCompile>
    <ClCompile Include="IO\InputManager.cpp">
      <Filter>IO</Filter>
    </ClCompile>
    <ClCompile Include="..\..\deps\glad\glad.c">
      <Filter>deps</Filter>
    </ClCompile>
    <ClCompile Include="..\..\deps\stb\stb_image.c">
      <Filter>deps</Filter>
    </ClCompile>
    <ClCompile Include="terrain_renderer.cpp" />
    <ClCompile Include="terrain_assets.cpp" />
    <ClCompile Include="terrain_heightfield.cpp" />
  </ItemGroup>
  <ItemGroup>
    <ClInclude Include="Graphics\GlfwManager.hpp">
      <Filter>Graphics</Filter>
    </ClInclude>
    <ClInclude Include="Graphics\Window.hpp">
      <Filter>Graphics</Filter>
    </ClInclude>
    <ClInclude Include="IO\InputManager.hpp">
      <Filter>IO</Filter>
    </ClInclude>
    <ClInclude Include="IO\Path.hpp">
      <Filter>IO</Filter>
    </ClInclude>
    <ClInclude Include="Common.hpp" />
    <ClInclude Include="IO\MouseInputState.hpp">
      <Filter>IO</Filter>
    </ClInclude>
    <ClInclude Include="IO\Key.hpp">
      <Filter>IO</Filter>
    </ClInclude>
    <ClInclude Include="IO\MouseButton.hpp">
      <Filter>IO</Filter>
    </ClInclude>
    <ClInclude Include="IO\MouseCaptureMode.hpp">
      <Filter>IO</Filter>
    </ClInclude>
    <ClInclude Include="AppContext.hpp" />
    <ClInclude Include="terrain_renderer.h" />
    <ClInclude Include="terrain_assets.h" />
    <ClInclude Include="terrain_platform.h" />
    <ClInclude Include="terrain_heightfield.h" />
  </ItemGroup>
  <ItemGroup>
    <Filter Include="Graphics">
      <UniqueIdentifier>{637ff0a9-48b4-44c4-b433-7fef9e410d96}</UniqueIdentifier>
    </Filter>
    <Filter Include="deps">
      <UniqueIdentifier>{7d48037c-8297-4040-9716-5da85b298951}</UniqueIdentifier>
    </Filter>
    <Filter Include="IO">
      <UniqueIdentifier>{f0a2bf12-335e-45b1-b986-ceed0af6ddcb}</UniqueIdentifier>
    </Filter>
  </ItemGroup>
</Project>